
Microsoft Visual Studio Solution File, Format Version 12.00
# Visual Studio 15
VisualStudioVersion = 15.0.28010.2026
MinimumVisualStudioVersion = 10.0.40219.1
Project("{FAE04EC0-301F-11D3-BF4B-00C04F79EFBC}") = "Lesson1", "CSharpLevel1\Lesson1.csproj", "{663C5299-BB27-497A-A4D4-1642487BE61F}"
EndProject
Project("{FAE04EC0-301F-11D3-BF4B-00C04F79EFBC}") = "Lesson2", "Lesson2\Lesson2.csproj", "{2EA488B4-83EB-4D20-94BA-BAF9B81DC74F}"
EndProject
Project("{FAE04EC0-301F-11D3-BF4B-00C04F79EFBC}") = "Lesson3", "Lesson3\Lesson3.csproj", "{45732F7E-3094-4FC0-A042-A5334E07724E}"
EndProject
Project("{FAE04EC0-301F-11D3-BF4B-00C04F79EFBC}") = "Lesson4", "Lesson4\Lesson4.csproj", "{8E8B4162-8FC2-4D8C-A167-FCC1EAA78451}"
EndProject
Project("{FAE04EC0-301F-11D3-BF4B-00C04F79EFBC}") = "Lesson5", "Lesson5\Lesson5.csproj", "{A179AC37-DF35-4FA3-8EF8-B9B6E7329346}"
EndProject
Project("{FAE04EC0-301F-11D3-BF4B-00C04F79EFBC}") = "Lesson6", "Lesson06\Lesson6.csproj", "{E664B1F5-C04E-4EE4-8D35-A295D1A80A5E}"
EndProject
Project("{FAE04EC0-301F-11D3-BF4B-00C04F79EFBC}") = "Lesson7", "Lesson7\Lesson7.csproj", "{0605751D-96D8-439A-AC07-EDA28DA02D38}"
EndProject
Global
	GlobalSection(SolutionConfigurationPlatforms) = preSolution
		Debug|Any CPU = Debug|Any CPU
		Release|Any CPU = Release|Any CPU
	EndGlobalSection
	GlobalSection(ProjectConfigurationPlatforms) = postSolution
		{663C5299-BB27-497A-A4D4-1642487BE61F}.Debug|Any CPU.ActiveCfg = Debug|Any CPU
		{663C5299-BB27-497A-A4D4-1642487BE61F}.Debug|Any CPU.Build.0 = Debug|Any CPU
		{663C5299-BB27-497A-A4D4-1642487BE61F}.Release|Any CPU.ActiveCfg = Release|Any CPU
		{663C5299-BB27-497A-A4D4-1642487BE61F}.Release|Any CPU.Build.0 = Release|Any CPU
		{2EA488B4-83EB-4D20-94BA-BAF9B81DC74F}.Debug|Any CPU.ActiveCfg = Debug|Any CPU
		{2EA488B4-83EB-4D20-94BA-BAF9B81DC74F}.Debug|Any CPU.Build.0 = Debug|Any CPU
		{2EA488B4-83EB-4D20-94BA-BAF9B81DC74F}.Release|Any CPU.ActiveCfg = Release|Any CPU
		{2EA488B4-83EB-4D20-94BA-BAF9B81DC74F}.Release|Any CPU.Build.0 = Release|Any CPU
		{45732F7E-3094-4FC0-A042-A5334E07724E}.Debug|Any CPU.ActiveCfg = Debug|Any CPU
		{45732F7E-3094-4FC0-A042-A5334E07724E}.Debug|Any CPU.Build.0 = Debug|Any CPU
		{45732F7E-3094-4FC0-A042-A5334E07724E}.Release|Any CPU.ActiveCfg = Release|Any CPU
		{45732F7E-3094-4FC0-A042-A5334E07724E}.Release|Any CPU.Build.0 = Release|Any CPU
		{8E8B4162-8FC2-4D8C-A167-FCC1EAA78451}.Debug|Any CPU.ActiveCfg = Debug|Any CPU
		{8E8B4162-8FC2-4D8C-A167-FCC1EAA78451}.Debug|Any CPU.Build.0 = Debug|Any CPU
		{8E8B4162-8FC2-4D8C-A167-FCC1EAA78451}.Release|Any CPU.ActiveCfg = Release|Any CPU
		{8E8B4162-8FC2-4D8C-A167-FCC1EAA78451}.Release|Any CPU.Build.0 = Release|Any CPU
		{A179AC37-DF35-4FA3-8EF8-B9B6E7329346}.Debug|Any CPU.ActiveCfg = Debug|Any CPU
		{A179AC37-DF35-4FA3-8EF8-B9B6E7329346}.Debug|Any CPU.Build.0 = Debug|Any CPU
		{A179AC37-DF35-4FA3-8EF8-B9B6E7329346}.Release|Any CPU.ActiveCfg = Release|Any CPU
		{A179AC37-DF35-4FA3-8EF8-B9B6E7329346}.Release|Any CPU.Build.0 = Release|Any CPU
		{E664B1F5-C04E-4EE4-8D35-A295D1A80A5E}.Debug|Any CPU.ActiveCfg = Debug|Any CPU
		{E664B1F5-C04E-4EE4-8D35-A295D1A80A5E}.Debug|Any CPU.Build.0 = Debug|Any CPU
		{E664B1F5-C04E-4EE4-8D35-A295D1A80A5E}.Release|Any CPU.ActiveCfg = Release|Any CPU
		{E664B1F5-C04E-4EE4-8D35-A295D1A80A5E}.Release|Any CPU.Build.0 = Release|Any CPU
		{0605751D-96D8-439A-AC07-EDA28DA02D38}.Debug|Any CPU.ActiveCfg = Debug|Any CPU
		{0605751D-96D8-439A-AC07-EDA28DA02D38}.Debug|Any CPU.Build.0 = Debug|Any CPU
		{0605751D-96D8-439A-AC07-EDA28DA02D38}.Release|Any CPU.ActiveCfg = Release|Any CPU
		{0605751D-96D8-439A-AC07-EDA28DA02D38}.Release|Any CPU.Build.0 = Release|Any CPU
	EndGlobalSection
	GlobalSection(SolutionProperties) = preSolution
		HideSolutionNode = FALSE
	EndGlobalSection
	GlobalSection(ExtensibilityGlobals) = postSolution
		SolutionGuid = {BE519AC4-6FA6-4E4A-813B-0C6A8761C669}
	EndGlobalSection
EndGlobal
